
Microsoft Visual Studio Solution File, Format Version 12.00
# Visual Studio Version 16
VisualStudioVersion = 16.0.31410.357
MinimumVisualStudioVersion = 10.0.40219.1
Project("{FAE04EC0-301F-11D3-BF4B-00C04F79EFBC}") = "Tip_Calculator1", "Tip_Calculator1\Tip_Calculator1.csproj", "{2BC6D993-8773-4A93-8B81-5C279E34CA01}"
EndProject
Global
	GlobalSection(SolutionConfigurationPlatforms) = preSolution
		Debug|Any CPU = Debug|Any CPU
		Release|Any CPU = Release|Any CPU
	EndGlobalSection
	GlobalSection(ProjectConfigurationPlatforms) = postSolution
		{2BC6D993-8773-4A93-8B81-5C279E34CA01}.Debug|Any CPU.ActiveCfg = Debug|Any CPU
		{2BC6D993-8773-4A93-8B81-5C279E34CA01}.Debug|Any CPU.Build.0 = Debug|Any CPU
		{2BC6D993-8773-4A93-8B81-5C279E34CA01}.Release|Any CPU.ActiveCfg = Release|Any CPU
		{2BC6D993-8773-4A93-8B81-5C279E34CA01}.Release|Any CPU.Build.0 = Release|Any CPU
	EndGlobalSection
	GlobalSection(SolutionProperties) = preSolution
		HideSolutionNode = FALSE
	EndGlobalSection
	GlobalSection(ExtensibilityGlobals) = postSolution
		SolutionGuid = {6B07A164-14CC-4F3D-9A4E-FAA94287772E}
	EndGlobalSection
EndGlobal
